
Microsoft Visual Studio Solution File, Format Version 12.00
# Visual Studio Version 17
VisualStudioVersion = 17.1.32228.430
MinimumVisualStudioVersion = 10.0.40219.1
Project("{FAE04EC0-301F-11D3-BF4B-00C04F79EFBC}") = "Assembly-CSharp", "Assembly-CSharp.csproj", "{538DEFED-2A61-701E-B8D0-E00EEE08CDBB}"
EndProject
Project("{FAE04EC0-301F-11D3-BF4B-00C04F79EFBC}") = "Assembly-CSharp-Editor", "Assembly-CSharp-Editor.csproj", "{4416E7BF-E5A3-530E-584C-F26583EF04AD}"
EndProject
Project("{9A19103F-16F7-4668-BE54-9A1E7A4F7556}") = "GameServer", "..\GameServer\GameServer.csproj", "{8DCF7E5A-683B-44EE-9020-DDE4CFF2CABD}"
EndProject
Project("{9A19103F-16F7-4668-BE54-9A1E7A4F7556}") = "GameServer.Core", "..\GameServer.Core\GameServer.Core.csproj", "{FD2EB39F-8168-4948-97CE-62F8C5F434E6}"
EndProject
Global
	GlobalSection(SolutionConfigurationPlatforms) = preSolution
		Debug|Any CPU = Debug|Any CPU
		Release|Any CPU = Release|Any CPU
	EndGlobalSection
	GlobalSection(ProjectConfigurationPlatforms) = postSolution
		{538DEFED-2A61-701E-B8D0-E00EEE08CDBB}.Debug|Any CPU.ActiveCfg = Debug|Any CPU
		{538DEFED-2A61-701E-B8D0-E00EEE08CDBB}.Debug|Any CPU.Build.0 = Debug|Any CPU
		{538DEFED-2A61-701E-B8D0-E00EEE08CDBB}.Release|Any CPU.ActiveCfg = Release|Any CPU
		{538DEFED-2A61-701E-B8D0-E00EEE08CDBB}.Release|Any CPU.Build.0 = Release|Any CPU
		{4416E7BF-E5A3-530E-584C-F26583EF04AD}.Debug|Any CPU.ActiveCfg = Debug|Any CPU
		{4416E7BF-E5A3-530E-584C-F26583EF04AD}.Debug|Any CPU.Build.0 = Debug|Any CPU
		{4416E7BF-E5A3-530E-584C-F26583EF04AD}.Release|Any CPU.ActiveCfg = Release|Any CPU
		{4416E7BF-E5A3-530E-584C-F26583EF04AD}.Release|Any CPU.Build.0 = Release|Any CPU
		{8DCF7E5A-683B-44EE-9020-DDE4CFF2CABD}.Debug|Any CPU.ActiveCfg = Debug|Any CPU
		{8DCF7E5A-683B-44EE-9020-DDE4CFF2CABD}.Debug|Any CPU.Build.0 = Debug|Any CPU
		{8DCF7E5A-683B-44EE-9020-DDE4CFF2CABD}.Release|Any CPU.ActiveCfg = Release|Any CPU
		{8DCF7E5A-683B-44EE-9020-DDE4CFF2CABD}.Release|Any CPU.Build.0 = Release|Any CPU
		{FD2EB39F-8168-4948-97CE-62F8C5F434E6}.Debug|Any CPU.ActiveCfg = Debug|Any CPU
		{FD2EB39F-8168-4948-97CE-62F8C5F434E6}.Debug|Any CPU.Build.0 = Debug|Any CPU
		{FD2EB39F-8168-4948-97CE-62F8C5F434E6}.Release|Any CPU.ActiveCfg = Release|Any CPU
		{FD2EB39F-8168-4948-97CE-62F8C5F434E6}.Release|Any CPU.Build.0 = Release|Any CPU
	EndGlobalSection
	GlobalSection(SolutionProperties) = preSolution
		HideSolutionNode = FALSE
	EndGlobalSection
	GlobalSection(ExtensibilityGlobals) = postSolution
		SolutionGuid = {D532683A-B729-4E1E-A20D-C7CE5ED653A8}
	EndGlobalSection
EndGlobal
